
Microsoft Visual Studio Solution File, Format Version 12.00
Project("{FAE04EC0-301F-11D3-BF4B-00C04F79EFBC}") = "tests", "tests\tests.csproj", "{C572E093-B4C5-4716-B2A6-CFC455C98D2B}"
EndProject
Project("{FAE04EC0-301F-11D3-BF4B-00C04F79EFBC}") = "Calc", "Calc\Calc.csproj", "{9252470B-A818-4733-A4BB-15067747EA73}"
EndProject
Global
	GlobalSection(SolutionConfigurationPlatforms) = preSolution
		Debug|Any CPU = Debug|Any CPU
		Release|Any CPU = Release|Any CPU
	EndGlobalSection
	GlobalSection(ProjectConfigurationPlatforms) = postSolution
		{C572E093-B4C5-4716-B2A6-CFC455C98D2B}.Debug|Any CPU.ActiveCfg = Debug|Any CPU
		{C572E093-B4C5-4716-B2A6-CFC455C98D2B}.Debug|Any CPU.Build.0 = Debug|Any CPU
		{C572E093-B4C5-4716-B2A6-CFC455C98D2B}.Release|Any CPU.ActiveCfg = Release|Any CPU
		{C572E093-B4C5-4716-B2A6-CFC455C98D2B}.Release|Any CPU.Build.0 = Release|Any CPU
		{9252470B-A818-4733-A4BB-15067747EA73}.Debug|Any CPU.ActiveCfg = Debug|Any CPU
		{9252470B-A818-4733-A4BB-15067747EA73}.Debug|Any CPU.Build.0 = Debug|Any CPU
		{9252470B-A818-4733-A4BB-15067747EA73}.Release|Any CPU.ActiveCfg = Release|Any CPU
		{9252470B-A818-4733-A4BB-15067747EA73}.Release|Any CPU.Build.0 = Release|Any CPU
	EndGlobalSection
EndGlobal
