
Microsoft Visual Studio Solution File, Format Version 12.00
Project("{FAE04EC0-301F-11D3-BF4B-00C04F79EFBC}") = "OOAnD", "OOAnD\OOAnD.csproj", "{D07C1D82-E488-4D38-9D5E-20A075703C7C}"
EndProject
Project("{FAE04EC0-301F-11D3-BF4B-00C04F79EFBC}") = "tests", "tests\tests.csproj", "{C572E093-B4C5-4716-B2A6-CFC455C98D2B}"
EndProject
Global
	GlobalSection(SolutionConfigurationPlatforms) = preSolution
		Debug|Any CPU = Debug|Any CPU
		Release|Any CPU = Release|Any CPU
	EndGlobalSection
	GlobalSection(ProjectConfigurationPlatforms) = postSolution
		{D07C1D82-E488-4D38-9D5E-20A075703C7C}.Debug|Any CPU.ActiveCfg = Debug|Any CPU
		{D07C1D82-E488-4D38-9D5E-20A075703C7C}.Debug|Any CPU.Build.0 = Debug|Any CPU
		{D07C1D82-E488-4D38-9D5E-20A075703C7C}.Release|Any CPU.ActiveCfg = Release|Any CPU
		{D07C1D82-E488-4D38-9D5E-20A075703C7C}.Release|Any CPU.Build.0 = Release|Any CPU
		{C572E093-B4C5-4716-B2A6-CFC455C98D2B}.Debug|Any CPU.ActiveCfg = Debug|Any CPU
		{C572E093-B4C5-4716-B2A6-CFC455C98D2B}.Debug|Any CPU.Build.0 = Debug|Any CPU
		{C572E093-B4C5-4716-B2A6-CFC455C98D2B}.Release|Any CPU.ActiveCfg = Release|Any CPU
		{C572E093-B4C5-4716-B2A6-CFC455C98D2B}.Release|Any CPU.Build.0 = Release|Any CPU
	EndGlobalSection
EndGlobal
